
Microsoft Visual Studio Solution File, Format Version 12.00
# Visual Studio 15
VisualStudioVersion = 15.0.26124.0
MinimumVisualStudioVersion = 15.0.26124.0
Project("{FAE04EC0-301F-11D3-BF4B-00C04F79EFBC}") = "Send", "Send\Send.csproj", "{6DFD1C1B-9DBF-4B06-9435-F854E4F16CAD}"
EndProject
Project("{FAE04EC0-301F-11D3-BF4B-00C04F79EFBC}") = "Receive", "Receive\Receive.csproj", "{F589321B-92A5-40DC-9715-33730DECAC0B}"
EndProject
Global
	GlobalSection(SolutionConfigurationPlatforms) = preSolution
		Debug|Any CPU = Debug|Any CPU
		Debug|x64 = Debug|x64
		Debug|x86 = Debug|x86
		Release|Any CPU = Release|Any CPU
		Release|x64 = Release|x64
		Release|x86 = Release|x86
	EndGlobalSection
	GlobalSection(SolutionProperties) = preSolution
		HideSolutionNode = FALSE
	EndGlobalSection
	GlobalSection(ProjectConfigurationPlatforms) = postSolution
		{6DFD1C1B-9DBF-4B06-9435-F854E4F16CAD}.Debug|Any CPU.ActiveCfg = Debug|Any CPU
		{6DFD1C1B-9DBF-4B06-9435-F854E4F16CAD}.Debug|Any CPU.Build.0 = Debug|Any CPU
		{6DFD1C1B-9DBF-4B06-9435-F854E4F16CAD}.Debug|x64.ActiveCfg = Debug|x64
		{6DFD1C1B-9DBF-4B06-9435-F854E4F16CAD}.Debug|x64.Build.0 = Debug|x64
		{6DFD1C1B-9DBF-4B06-9435-F854E4F16CAD}.Debug|x86.ActiveCfg = Debug|x86
		{6DFD1C1B-9DBF-4B06-9435-F854E4F16CAD}.Debug|x86.Build.0 = Debug|x86
		{6DFD1C1B-9DBF-4B06-9435-F854E4F16CAD}.Release|Any CPU.ActiveCfg = Release|Any CPU
		{6DFD1C1B-9DBF-4B06-9435-F854E4F16CAD}.Release|Any CPU.Build.0 = Release|Any CPU
		{6DFD1C1B-9DBF-4B06-9435-F854E4F16CAD}.Release|x64.ActiveCfg = Release|x64
		{6DFD1C1B-9DBF-4B06-9435-F854E4F16CAD}.Release|x64.Build.0 = Release|x64
		{6DFD1C1B-9DBF-4B06-9435-F854E4F16CAD}.Release|x86.ActiveCfg = Release|x86
		{6DFD1C1B-9DBF-4B06-9435-F854E4F16CAD}.Release|x86.Build.0 = Release|x86
		{F589321B-92A5-40DC-9715-33730DECAC0B}.Debug|Any CPU.ActiveCfg = Debug|Any CPU
		{F589321B-92A5-40DC-9715-33730DECAC0B}.Debug|Any CPU.Build.0 = Debug|Any CPU
		{F589321B-92A5-40DC-9715-33730DECAC0B}.Debug|x64.ActiveCfg = Debug|x64
		{F589321B-92A5-40DC-9715-33730DECAC0B}.Debug|x64.Build.0 = Debug|x64
		{F589321B-92A5-40DC-9715-33730DECAC0B}.Debug|x86.ActiveCfg = Debug|x86
		{F589321B-92A5-40DC-9715-33730DECAC0B}.Debug|x86.Build.0 = Debug|x86
		{F589321B-92A5-40DC-9715-33730DECAC0B}.Release|Any CPU.ActiveCfg = Release|Any CPU
		{F589321B-92A5-40DC-9715-33730DECAC0B}.Release|Any CPU.Build.0 = Release|Any CPU
		{F589321B-92A5-40DC-9715-33730DECAC0B}.Release|x64.ActiveCfg = Release|x64
		{F589321B-92A5-40DC-9715-33730DECAC0B}.Release|x64.Build.0 = Release|x64
		{F589321B-92A5-40DC-9715-33730DECAC0B}.Release|x86.ActiveCfg = Release|x86
		{F589321B-92A5-40DC-9715-33730DECAC0B}.Release|x86.Build.0 = Release|x86
	EndGlobalSection
EndGlobal
